<?xml version="1.0" encoding="utf-8"?>
<Project ToolsVersion="4.0" xmlns="http://schemas.microsoft.com/developer/msbuild/2003">
  <ItemGroup>
    <Filter Include="Source Files">
      <UniqueIdentifier>{4FC737F1-C7A5-4376-A066-2A32D752A2FF}</UniqueIdentifier>
      <Extensions>cpp;c;cc;cxx;c++;cppm;ixx;def;odl;idl;hpj;bat;asm;asmx</Extensions>
    </Filter>
    <Filter Include="Header Files">
      <UniqueIdentifier>{93995380-89BD-4b04-88EB-625FBE52EBFB}</UniqueIdentifier>
      <Extensions>h;hh;hpp;hxx;h++;hm;inl;inc;ipp;xsd</Extensions>
    </Filter>
    <Filter Include="Resource Files">
      <UniqueIdentifier>{67DA6AB6-F800-4c08-8B7A-83BB121AAD01}</UniqueIdentifier>
      <Extensions>rc;ico;cur;bmp;dlg;rc2;rct;bin;rgs;gif;jpg;jpeg;jpe;resx;tiff;tif;png;wav;mfcribbon-ms</Extensions>
    </Filter>
  </ItemGroup>
  <ItemGroup>
    <ClCompile Include="main.cpp">
      <Filter>Source Files</Filter>
    </ClCompile>
    <ClCompile Include="src\tinyxml2.cpp">
      <Filter>Source Files</Filter>
    </ClCompile>
    <ClCompile Include="src\Breakout.cpp">
      <Filter>Source Files</Filter>
    </ClCompile>
    <ClCompile Include="src\Util.cpp">
      <Filter>Source Files</Filter>
    </ClCompile>
    <ClCompile Include="src\Ball.cpp">
      <Filter>Source Files</Filter>
    </ClCompile>
    <ClCompile Include="src\Paddle.cpp">
      <Filter>Source Files</Filter>
    </ClCompile>
    <ClCompile Include="src\CollidableEntity.cpp">
      <Filter>Source Files</Filter>
    </ClCompile>
    <ClCompile Include="src\HUD.cpp">
      <Filter>Source Files</Filter>
    </ClCompile>
    <ClCompile Include="src\Level.cpp">
      <Filter>Source Files</Filter>
    </ClCompile>
    <ClCompile Include="src\Cannon.cpp">
      <Filter>Source Files</Filter>
    </ClCompile>
    <ClCompile Include="src\Sound.cpp">
      <Filter>Source Files</Filter>
    </ClCompile>
  </ItemGroup>
  <ItemGroup>
    <None Include="packages.config" />
  </ItemGroup>
  <ItemGroup>
    <ClInclude Include="inc\tinyxml2.h">
      <Filter>Header Files</Filter>
    </ClInclude>
    <ClInclude Include="inc\Breakout.h">
      <Filter>Header Files</Filter>
    </ClInclude>
    <ClInclude Include="inc\Util.h">
      <Filter>Header Files</Filter>
    </ClInclude>
    <ClInclude Include="inc\Ball.h">
      <Filter>Header Files</Filter>
    </ClInclude>
    <ClInclude Include="inc\Paddle.h">
      <Filter>Header Files</Filter>
    </ClInclude>
    <ClInclude Include="inc\CollidableEntity.h">
      <Filter>Header Files</Filter>
    </ClInclude>
    <ClInclude Include="Constants.h">
      <Filter>Header Files</Filter>
    </ClInclude>
    <ClInclude Include="inc\HUD.h">
      <Filter>Header Files</Filter>
    </ClInclude>
    <ClInclude Include="inc\Level.h">
      <Filter>Header Files</Filter>
    </ClInclude>
    <ClInclude Include="inc\Brick.h">
      <Filter>Header Files</Filter>
    </ClInclude>
    <ClInclude Include="inc\Cannon.h">
      <Filter>Header Files</Filter>
    </ClInclude>
    <ClInclude Include="inc\Sound.h">
      <Filter>Header Files</Filter>
    </ClInclude>
  </ItemGroup>
  <ItemGroup>
    <Text Include="allegro.log" />
  </ItemGroup>
  <ItemGroup>
    <Xml Include="assets\levels\level1.xml" />
    <Xml Include="assets\levels\level2.xml" />
    <Xml Include="assets\levels\level3.xml" />
  </ItemGroup>
  <ItemGroup>
    <Image Include="assets\spritesheets\bricks.png">
      <Filter>Resource Files</Filter>
    </Image>
    <Image Include="assets\spritesheets\paddle.png">
      <Filter>Resource Files</Filter>
    </Image>
    <Image Include="assets\spritesheets\ball.png">
      <Filter>Resource Files</Filter>
    </Image>
    <Image Include="assets\spritesheets\emptyHeart.png">
      <Filter>Resource Files</Filter>
    </Image>
    <Image Include="assets\spritesheets\fullHeart.png">
      <Filter>Resource Files</Filter>
    </Image>
    <Image Include="assets\textures\level1Bg.png">
      <Filter>Resource Files</Filter>
    </Image>
    <Image Include="assets\textures\level2Bg.png">
      <Filter>Resource Files</Filter>
    </Image>
    <Image Include="assets\textures\level3Bg.png">
      <Filter>Resource Files</Filter>
    </Image>
    <Image Include="assets\spritesheets\cannonShot.png">
      <Filter>Resource Files</Filter>
    </Image>
  </ItemGroup>
  <ItemGroup>
    <Font Include="assets\fonts\MTFChunkie.ttf" />
  </ItemGroup>
</Project>